
Microsoft Visual Studio Solution File, Format Version 12.00
# Visual Studio Express 2012 for Windows Desktop
Project("{FAE04EC0-301F-11D3-BF4B-00C04F79EFBC}") = "sitos_jeapordy", "sitos_jeapordy\sitos_jeapordy.csproj", "{0FA1C96C-1DE9-42B2-9DD6-63EE57252DEF}"
EndProject
Global
	GlobalSection(SolutionConfigurationPlatforms) = preSolution
		Debug|Any CPU = Debug|Any CPU
		Release|Any CPU = Release|Any CPU
	EndGlobalSection
	GlobalSection(ProjectConfigurationPlatforms) = postSolution
		{0FA1C96C-1DE9-42B2-9DD6-63EE57252DEF}.Debug|Any CPU.ActiveCfg = Debug|Any CPU
		{0FA1C96C-1DE9-42B2-9DD6-63EE57252DEF}.Debug|Any CPU.Build.0 = Debug|Any CPU
		{0FA1C96C-1DE9-42B2-9DD6-63EE57252DEF}.Release|Any CPU.ActiveCfg = Release|Any CPU
		{0FA1C96C-1DE9-42B2-9DD6-63EE57252DEF}.Release|Any CPU.Build.0 = Release|Any CPU
	EndGlobalSection
	GlobalSection(SolutionProperties) = preSolution
		HideSolutionNode = FALSE
	EndGlobalSection
EndGlobal
